
Microsoft Visual Studio Solution File, Format Version 12.00
# Visual Studio 15
VisualStudioVersion = 15.0.26228.4
MinimumVisualStudioVersion = 10.0.40219.1
Project("{FAE04EC0-301F-11D3-BF4B-00C04F79EFBC}") = "blackm.Monogame.Pong", "blackm.Monogame.Pong\blackm.Monogame.Pong.csproj", "{2A323114-91F5-4C05-857B-2B58B064EEBA}"
EndProject
Project("{FAE04EC0-301F-11D3-BF4B-00C04F79EFBC}") = "blackm.Monogame.Graphics", "..\blackm.Monogame.Engine\blackm.Monogame.Graphics\blackm.Monogame.Graphics.csproj", "{6FC56D60-031B-4BE2-852C-4FCB360551BD}"
EndProject
Project("{FAE04EC0-301F-11D3-BF4B-00C04F79EFBC}") = "blackm.Monogame.InputManager", "..\blackm.Monogame.Engine\blackm.Monogame.InputManager\blackm.Monogame.InputManager.csproj", "{A4312B75-108E-459B-BF90-9458B6C782CB}"
EndProject
Global
	GlobalSection(SolutionConfigurationPlatforms) = preSolution
		Debug|Any CPU = Debug|Any CPU
		Debug|x86 = Debug|x86
		Release|Any CPU = Release|Any CPU
		Release|x86 = Release|x86
	EndGlobalSection
	GlobalSection(ProjectConfigurationPlatforms) = postSolution
		{2A323114-91F5-4C05-857B-2B58B064EEBA}.Debug|Any CPU.ActiveCfg = Debug|x86
		{2A323114-91F5-4C05-857B-2B58B064EEBA}.Debug|x86.ActiveCfg = Debug|x86
		{2A323114-91F5-4C05-857B-2B58B064EEBA}.Debug|x86.Build.0 = Debug|x86
		{2A323114-91F5-4C05-857B-2B58B064EEBA}.Release|Any CPU.ActiveCfg = Release|x86
		{2A323114-91F5-4C05-857B-2B58B064EEBA}.Release|x86.ActiveCfg = Release|x86
		{2A323114-91F5-4C05-857B-2B58B064EEBA}.Release|x86.Build.0 = Release|x86
		{6FC56D60-031B-4BE2-852C-4FCB360551BD}.Debug|Any CPU.ActiveCfg = Debug|Any CPU
		{6FC56D60-031B-4BE2-852C-4FCB360551BD}.Debug|Any CPU.Build.0 = Debug|Any CPU
		{6FC56D60-031B-4BE2-852C-4FCB360551BD}.Debug|x86.ActiveCfg = Debug|Any CPU
		{6FC56D60-031B-4BE2-852C-4FCB360551BD}.Debug|x86.Build.0 = Debug|Any CPU
		{6FC56D60-031B-4BE2-852C-4FCB360551BD}.Release|Any CPU.ActiveCfg = Release|Any CPU
		{6FC56D60-031B-4BE2-852C-4FCB360551BD}.Release|Any CPU.Build.0 = Release|Any CPU
		{6FC56D60-031B-4BE2-852C-4FCB360551BD}.Release|x86.ActiveCfg = Release|Any CPU
		{6FC56D60-031B-4BE2-852C-4FCB360551BD}.Release|x86.Build.0 = Release|Any CPU
		{A4312B75-108E-459B-BF90-9458B6C782CB}.Debug|Any CPU.ActiveCfg = Debug|Any CPU
		{A4312B75-108E-459B-BF90-9458B6C782CB}.Debug|Any CPU.Build.0 = Debug|Any CPU
		{A4312B75-108E-459B-BF90-9458B6C782CB}.Debug|x86.ActiveCfg = Debug|Any CPU
		{A4312B75-108E-459B-BF90-9458B6C782CB}.Debug|x86.Build.0 = Debug|Any CPU
		{A4312B75-108E-459B-BF90-9458B6C782CB}.Release|Any CPU.ActiveCfg = Release|Any CPU
		{A4312B75-108E-459B-BF90-9458B6C782CB}.Release|Any CPU.Build.0 = Release|Any CPU
		{A4312B75-108E-459B-BF90-9458B6C782CB}.Release|x86.ActiveCfg = Release|Any CPU
		{A4312B75-108E-459B-BF90-9458B6C782CB}.Release|x86.Build.0 = Release|Any CPU
	EndGlobalSection
	GlobalSection(SolutionProperties) = preSolution
		HideSolutionNode = FALSE
	EndGlobalSection
EndGlobal
